// !$*UTF8*$!
{
	archiveVersion = 1;
	classes = {
	};
	objectVersion = 51;
	objects = {

/* Begin PBXBuildFile section */
		AD5706A924979E10008FA9B0 /* AppDelegate.swift in Sources */ = {isa = PBXBuildFile; fileRef = AD5706A824979E10008FA9B0 /* AppDelegate.swift */; };
		AD5706AD24979E10008FA9B0 /* MainViewController.swift in Sources */ = {isa = PBXBuildFile; fileRef = AD5706AC24979E10008FA9B0 /* MainViewController.swift */; };
		AD5706B024979E10008FA9B0 /* Main.storyboard in Resources */ = {isa = PBXBuildFile; fileRef = AD5706AE24979E10008FA9B0 /* Main.storyboard */; };
		AD5706B224979E14008FA9B0 /* Assets.xcassets in Resources */ = {isa = PBXBuildFile; fileRef = AD5706B124979E14008FA9B0 /* Assets.xcassets */; };
		AD5706B524979E14008FA9B0 /* LaunchScreen.storyboard in Resources */ = {isa = PBXBuildFile; fileRef = AD5706B324979E14008FA9B0 /* LaunchScreen.storyboard */; };
		AD5706BD2497A22E008FA9B0 /* NetworkManager.swift in Sources */ = {isa = PBXBuildFile; fileRef = AD5706BC2497A22E008FA9B0 /* NetworkManager.swift */; };
		AD5706C12497B7C2008FA9B0 /* MainConfigurator.swift in Sources */ = {isa = PBXBuildFile; fileRef = AD5706C02497B7C2008FA9B0 /* MainConfigurator.swift */; };
		AD5706C32497B8A3008FA9B0 /* MainPresenter.swift in Sources */ = {isa = PBXBuildFile; fileRef = AD5706C22497B8A3008FA9B0 /* MainPresenter.swift */; };
		AD5706C72497B98A008FA9B0 /* MainInteractor.swift in Sources */ = {isa = PBXBuildFile; fileRef = AD5706C62497B98A008FA9B0 /* MainInteractor.swift */; };
		AD5706CA2497BB56008FA9B0 /* MainCollectionViewCell.swift in Sources */ = {isa = PBXBuildFile; fileRef = AD5706C82497BB56008FA9B0 /* MainCollectionViewCell.swift */; };
		AD5706CB2497BB56008FA9B0 /* MainCollectionViewCell.xib in Resources */ = {isa = PBXBuildFile; fileRef = AD5706C92497BB56008FA9B0 /* MainCollectionViewCell.xib */; };
		AD5706CD2497C3B5008FA9B0 /* WeatherResponse.swift in Sources */ = {isa = PBXBuildFile; fileRef = AD5706CC2497C3B5008FA9B0 /* WeatherResponse.swift */; };
		EAC9DEDE16B184F39F8066C3 /* Pods_Weather.framework in Frameworks */ = {isa = PBXBuildFile; fileRef = 6646F2B457FEDFD50A347B96 /* Pods_Weather.framework */; };
/* End PBXBuildFile section */

/* Begin PBXFileReference section */
		2DD91AE46DE443EA4D3F6FFF /* Pods-Weather.debug.xcconfig */ = {isa = PBXFileReference; includeInIndex = 1; lastKnownFileType = text.xcconfig; name = "Pods-Weather.debug.xcconfig"; path = "Target Support Files/Pods-Weather/Pods-Weather.debug.xcconfig"; sourceTree = "<group>"; };
		6646F2B457FEDFD50A347B96 /* Pods_Weather.framework */ = {isa = PBXFileReference; explicitFileType = wrapper.framework; includeInIndex = 0; path = Pods_Weather.framework; sourceTree = BUILT_PRODUCTS_DIR; };
		94A53EE8E1A650E91401B7B2 /* Pods-Weather.release.xcconfig */ = {isa = PBXFileReference; includeInIndex = 1; lastKnownFileType = text.xcconfig; name = "Pods-Weather.release.xcconfig"; path = "Target Support Files/Pods-Weather/Pods-Weather.release.xcconfig"; sourceTree = "<group>"; };
		AD5706A524979E10008FA9B0 /* Weather.app */ = {isa = PBXFileReference; explicitFileType = wrapper.application; includeInIndex = 0; path = Weather.app; sourceTree = BUILT_PRODUCTS_DIR; };
		AD5706A824979E10008FA9B0 /* AppDelegate.swift */ = {isa = PBXFileReference; lastKnownFileType = sourcecode.swift; path = AppDelegate.swift; sourceTree = "<group>"; };
		AD5706AC24979E10008FA9B0 /* MainViewController.swift */ = {isa = PBXFileReference; lastKnownFileType = sourcecode.swift; path = MainViewController.swift; sourceTree = "<group>"; };
		AD5706AF24979E10008FA9B0 /* Base */ = {isa = PBXFileReference; lastKnownFileType = file.storyboard; name = Base; path = Base.lproj/Main.storyboard; sourceTree = "<group>"; };
		AD5706B124979E14008FA9B0 /* Assets.xcassets */ = {isa = PBXFileReference; lastKnownFileType = folder.assetcatalog; path = Assets.xcassets; sourceTree = "<group>"; };
		AD5706B424979E14008FA9B0 /* Base */ = {isa = PBXFileReference; lastKnownFileType = file.storyboard; name = Base; path = Base.lproj/LaunchScreen.storyboard; sourceTree = "<group>"; };
		AD5706B624979E14008FA9B0 /* Info.plist */ = {isa = PBXFileReference; lastKnownFileType = text.plist.xml; path = Info.plist; sourceTree = "<group>"; };
		AD5706BC2497A22E008FA9B0 /* NetworkManager.swift */ = {isa = PBXFileReference; lastKnownFileType = sourcecode.swift; path = NetworkManager.swift; sourceTree = "<group>"; };
		AD5706C02497B7C2008FA9B0 /* MainConfigurator.swift */ = {isa = PBXFileReference; lastKnownFileType = sourcecode.swift; path = MainConfigurator.swift; sourceTree = "<group>"; };
		AD5706C22497B8A3008FA9B0 /* MainPresenter.swift */ = {isa = PBXFileReference; lastKnownFileType = sourcecode.swift; path = MainPresenter.swift; sourceTree = "<group>"; };
		AD5706C62497B98A008FA9B0 /* MainInteractor.swift */ = {isa = PBXFileReference; lastKnownFileType = sourcecode.swift; path = MainInteractor.swift; sourceTree = "<group>"; };
		AD5706C82497BB56008FA9B0 /* MainCollectionViewCell.swift */ = {isa = PBXFileReference; lastKnownFileType = sourcecode.swift; path = MainCollectionViewCell.swift; sourceTree = "<group>"; };
		AD5706C92497BB56008FA9B0 /* MainCollectionViewCell.xib */ = {isa = PBXFileReference; lastKnownFileType = file.xib; path = MainCollectionViewCell.xib; sourceTree = "<group>"; };
		AD5706CC2497C3B5008FA9B0 /* WeatherResponse.swift */ = {isa = PBXFileReference; lastKnownFileType = sourcecode.swift; path = WeatherResponse.swift; sourceTree = "<group>"; };
/* End PBXFileReference section */

/* Begin PBXFrameworksBuildPhase section */
		AD5706A224979E10008FA9B0 /* Frameworks */ = {
			isa = PBXFrameworksBuildPhase;
			buildActionMask = 2147483647;
			files = (
				EAC9DEDE16B184F39F8066C3 /* Pods_Weather.framework in Frameworks */,
			);
			runOnlyForDeploymentPostprocessing = 0;
		};
/* End PBXFrameworksBuildPhase section */

/* Begin PBXGroup section */
		2995E89CAFB5CAFBBDFD3137 /* Frameworks */ = {
			isa = PBXGroup;
			children = (
				6646F2B457FEDFD50A347B96 /* Pods_Weather.framework */,
			);
			name = Frameworks;
			sourceTree = "<group>";
		};
		2A2377EA2F31312A42F5D039 /* Pods */ = {
			isa = PBXGroup;
			children = (
				2DD91AE46DE443EA4D3F6FFF /* Pods-Weather.debug.xcconfig */,
				94A53EE8E1A650E91401B7B2 /* Pods-Weather.release.xcconfig */,
			);
			path = Pods;
			sourceTree = "<group>";
		};
		AD57069C24979E10008FA9B0 = {
			isa = PBXGroup;
			children = (
				AD5706A724979E10008FA9B0 /* Weather */,
				AD5706A624979E10008FA9B0 /* Products */,
				2A2377EA2F31312A42F5D039 /* Pods */,
				2995E89CAFB5CAFBBDFD3137 /* Frameworks */,
			);
			sourceTree = "<group>";
		};
		AD5706A624979E10008FA9B0 /* Products */ = {
			isa = PBXGroup;
			children = (
				AD5706A524979E10008FA9B0 /* Weather.app */,
			);
			name = Products;
			sourceTree = "<group>";
		};
		AD5706A724979E10008FA9B0 /* Weather */ = {
			isa = PBXGroup;
			children = (
				AD5706D02498AE7D008FA9B0 /* Network */,
				AD5706CF2498AE6F008FA9B0 /* Model */,
				AD5706BE2497B746008FA9B0 /* Modules */,
				AD5706A824979E10008FA9B0 /* AppDelegate.swift */,
				AD5706B624979E14008FA9B0 /* Info.plist */,
			);
			path = Weather;
			sourceTree = "<group>";
		};
		AD5706BE2497B746008FA9B0 /* Modules */ = {
			isa = PBXGroup;
			children = (
				AD5706BF2497B754008FA9B0 /* Main */,
			);
			path = Modules;
			sourceTree = "<group>";
		};
		AD5706BF2497B754008FA9B0 /* Main */ = {
			isa = PBXGroup;
			children = (
				AD5706CE2498AE4E008FA9B0 /* UI */,
				AD5706AC24979E10008FA9B0 /* MainViewController.swift */,
				AD5706C02497B7C2008FA9B0 /* MainConfigurator.swift */,
				AD5706C22497B8A3008FA9B0 /* MainPresenter.swift */,
				AD5706C62497B98A008FA9B0 /* MainInteractor.swift */,
			);
			path = Main;
			sourceTree = "<group>";
		};
		AD5706CE2498AE4E008FA9B0 /* UI */ = {
			isa = PBXGroup;
			children = (
				AD5706B124979E14008FA9B0 /* Assets.xcassets */,
				AD5706B324979E14008FA9B0 /* LaunchScreen.storyboard */,
				AD5706AE24979E10008FA9B0 /* Main.storyboard */,
				AD5706C82497BB56008FA9B0 /* MainCollectionViewCell.swift */,
				AD5706C92497BB56008FA9B0 /* MainCollectionViewCell.xib */,
			);
			path = UI;
			sourceTree = "<group>";
		};
		AD5706CF2498AE6F008FA9B0 /* Model */ = {
			isa = PBXGroup;
			children = (
				AD5706CC2497C3B5008FA9B0 /* WeatherResponse.swift */,
			);
			path = Model;
			sourceTree = "<group>";
		};
		AD5706D02498AE7D008FA9B0 /* Network */ = {
			isa = PBXGroup;
			children = (
				AD5706BC2497A22E008FA9B0 /* NetworkManager.swift */,
			);
			path = Network;
			sourceTree = "<group>";
		};
/* End PBXGroup section */

/* Begin PBXNativeTarget section */
		AD5706A424979E10008FA9B0 /* Weather */ = {
			isa = PBXNativeTarget;
			buildConfigurationList = AD5706B924979E14008FA9B0 /* Build configuration list for PBXNativeTarget "Weather" */;
			buildPhases = (
				802BF4B2FCAED4AEDCE42DF3 /* [CP] Check Pods Manifest.lock */,
				AD5706A124979E10008FA9B0 /* Sources */,
				AD5706A224979E10008FA9B0 /* Frameworks */,
				AD5706A324979E10008FA9B0 /* Resources */,
				02F17E560D1527B8B9D9B743 /* [CP] Embed Pods Frameworks */,
			);
			buildRules = (
			);
			dependencies = (
			);
			name = Weather;
			productName = Weather;
			productReference = AD5706A524979E10008FA9B0 /* Weather.app */;
			productType = "com.apple.product-type.application";
		};
/* End PBXNativeTarget section */

/* Begin PBXProject section */
		AD57069D24979E10008FA9B0 /* Project object */ = {
			isa = PBXProject;
			attributes = {
				LastSwiftUpdateCheck = 1150;
				LastUpgradeCheck = 1150;
				ORGANIZATIONNAME = "Ольга Бычок";
				TargetAttributes = {
					AD5706A424979E10008FA9B0 = {
						CreatedOnToolsVersion = 11.5;
					};
				};
			};
			buildConfigurationList = AD5706A024979E10008FA9B0 /* Build configuration list for PBXProject "Weather" */;
			compatibilityVersion = "Xcode 9.3";
			developmentRegion = en;
			hasScannedForEncodings = 0;
			knownRegions = (
				en,
				Base,
			);
			mainGroup = AD57069C24979E10008FA9B0;
			productRefGroup = AD5706A624979E10008FA9B0 /* Products */;
			projectDirPath = "";
			projectRoot = "";
			targets = (
				AD5706A424979E10008FA9B0 /* Weather */,
			);
		};
/* End PBXProject section */

/* Begin PBXResourcesBuildPhase section */
		AD5706A324979E10008FA9B0 /* Resources */ = {
			isa = PBXResourcesBuildPhase;
			buildActionMask = 2147483647;
			files = (
				AD5706B524979E14008FA9B0 /* LaunchScreen.storyboard in Resources */,
				AD5706B224979E14008FA9B0 /* Assets.xcassets in Resources */,
				AD5706B024979E10008FA9B0 /* Main.storyboard in Resources */,
				AD5706CB2497BB56008FA9B0 /* MainCollectionViewCell.xib in Resources */,
			);
			runOnlyForDeploymentPostprocessing = 0;
		};
/* End PBXResourcesBuildPhase section */

/* Begin PBXShellScriptBuildPhase section */
		02F17E560D1527B8B9D9B743 /* [CP] Embed Pods Frameworks */ = {
			isa = PBXShellScriptBuildPhase;
			buildActionMask = 2147483647;
			files = (
			);
			inputFileListPaths = (
				"${PODS_ROOT}/Target Support Files/Pods-Weather/Pods-Weather-frameworks-${CONFIGURATION}-input-files.xcfilelist",
			);
			name = "[CP] Embed Pods Frameworks";
			outputFileListPaths = (
				"${PODS_ROOT}/Target Support Files/Pods-Weather/Pods-Weather-frameworks-${CONFIGURATION}-output-files.xcfilelist",
			);
			runOnlyForDeploymentPostprocessing = 0;
			shellPath = /bin/sh;
			shellScript = "\"${PODS_ROOT}/Target Support Files/Pods-Weather/Pods-Weather-frameworks.sh\"\n";
			showEnvVarsInLog = 0;
		};
		802BF4B2FCAED4AEDCE42DF3 /* [CP] Check Pods Manifest.lock */ = {
			isa = PBXShellScriptBuildPhase;
			buildActionMask = 2147483647;
			files = (
			);
			inputFileListPaths = (
			);
			inputPaths = (
				"${PODS_PODFILE_DIR_PATH}/Podfile.lock",
				"${PODS_ROOT}/Manifest.lock",
			);
			name = "[CP] Check Pods Manifest.lock";
			outputFileListPaths = (
			);
			outputPaths = (
				"$(DERIVED_FILE_DIR)/Pods-Weather-checkManifestLockResult.txt",
			);
			runOnlyForDeploymentPostprocessing = 0;
			shellPath = /bin/sh;
			shellScript = "diff \"${PODS_PODFILE_DIR_PATH}/Podfile.lock\" \"${PODS_ROOT}/Manifest.lock\" > /dev/null\nif [ $? != 0 ] ; then\n    # print error to STDERR\n    echo \"error: The sandbox is not in sync with the Podfile.lock. Run 'pod install' or update your CocoaPods installation.\" >&2\n    exit 1\nfi\n# This output is used by Xcode 'outputs' to avoid re-running this script phase.\necho \"SUCCESS\" > \"${SCRIPT_OUTPUT_FILE_0}\"\n";
			showEnvVarsInLog = 0;
		};
/* End PBXShellScriptBuildPhase section */

/* Begin PBXSourcesBuildPhase section */
		AD5706A124979E10008FA9B0 /* Sources */ = {
			isa = PBXSourcesBuildPhase;
			buildActionMask = 2147483647;
			files = (
				AD5706CA2497BB56008FA9B0 /* MainCollectionViewCell.swift in Sources */,
				AD5706C32497B8A3008FA9B0 /* MainPresenter.swift in Sources */,
				AD5706BD2497A22E008FA9B0 /* NetworkManager.swift in Sources */,
				AD5706C12497B7C2008FA9B0 /* MainConfigurator.swift in Sources */,
				AD5706AD24979E10008FA9B0 /* MainViewController.swift in Sources */,
				AD5706C72497B98A008FA9B0 /* MainInteractor.swift in Sources */,
				AD5706A924979E10008FA9B0 /* AppDelegate.swift in Sources */,
				AD5706CD2497C3B5008FA9B0 /* WeatherResponse.swift in Sources */,
			);
			runOnlyForDeploymentPostprocessing = 0;
		};
/* End PBXSourcesBuildPhase section */

/* Begin PBXVariantGroup section */
		AD5706AE24979E10008FA9B0 /* Main.storyboard */ = {
			isa = PBXVariantGroup;
			children = (
				AD5706AF24979E10008FA9B0 /* Base */,
			);
			name = Main.storyboard;
			sourceTree = "<group>";
		};
		AD5706B324979E14008FA9B0 /* LaunchScreen.storyboard */ = {
			isa = PBXVariantGroup;
			children = (
				AD5706B424979E14008FA9B0 /* Base */,
			);
			name = LaunchScreen.storyboard;
			sourceTree = "<group>";
		};
/* End PBXVariantGroup section */

/* Begin XCBuildConfiguration section */
		AD5706B724979E14008FA9B0 /* Debug */ = {
			isa = XCBuildConfiguration;
			buildSettings = {
				ALWAYS_SEARCH_USER_PATHS = NO;
				CLANG_ANALYZER_NONNULL = YES;
				CLANG_ANALYZER_NUMBER_OBJECT_CONVERSION = YES_AGGRESSIVE;
				CLANG_CXX_LANGUAGE_STANDARD = "gnu++14";
				CLANG_CXX_LIBRARY = "libc++";
				CLANG_ENABLE_MODULES = YES;
				CLANG_ENABLE_OBJC_ARC = YES;
				CLANG_ENABLE_OBJC_WEAK = YES;
				CLANG_WARN_BLOCK_CAPTURE_AUTORELEASING = YES;
				CLANG_WARN_BOOL_CONVERSION = YES;
				CLANG_WARN_COMMA = YES;
				CLANG_WARN_CONSTANT_CONVERSION = YES;
				CLANG_WARN_DEPRECATED_OBJC_IMPLEMENTATIONS = YES;
				CLANG_WARN_DIRECT_OBJC_ISA_USAGE = YES_ERROR;
				CLANG_WARN_DOCUMENTATION_COMMENTS = YES;
				CLANG_WARN_EMPTY_BODY = YES;
				CLANG_WARN_ENUM_CONVERSION = YES;
				CLANG_WARN_INFINITE_RECURSION = YES;
				CLANG_WARN_INT_CONVERSION = YES;
				CLANG_WARN_NON_LITERAL_NULL_CONVERSION = YES;
				CLANG_WARN_OBJC_IMPLICIT_RETAIN_SELF = YES;
				CLANG_WARN_OBJC_LITERAL_CONVERSION = YES;
				CLANG_WARN_OBJC_ROOT_CLASS = YES_ERROR;
				CLANG_WARN_RANGE_LOOP_ANALYSIS = YES;
				CLANG_WARN_STRICT_PROTOTYPES = YES;
				CLANG_WARN_SUSPICIOUS_MOVE = YES;
				CLANG_WARN_UNGUARDED_AVAILABILITY = YES_AGGRESSIVE;
				CLANG_WARN_UNREACHABLE_CODE = YES;
				CLANG_WARN__DUPLICATE_METHOD_MATCH = YES;
				COPY_PHASE_STRIP = NO;
				DEBUG_INFORMATION_FORMAT = dwarf;
				ENABLE_STRICT_OBJC_MSGSEND = YES;
				ENABLE_TESTABILITY = YES;
				GCC_C_LANGUAGE_STANDARD = gnu11;
				GCC_DYNAMIC_NO_PIC = NO;
				GCC_NO_COMMON_BLOCKS = YES;
				GCC_OPTIMIZATION_LEVEL = 0;
				GCC_PREPROCESSOR_DEFINITIONS = (
					"DEBUG=1",
					"$(inherited)",
				);
				GCC_WARN_64_TO_32_BIT_CONVERSION = YES;
				GCC_WARN_ABOUT_RETURN_TYPE = YES_ERROR;
				GCC_WARN_UNDECLARED_SELECTOR = YES;
				GCC_WARN_UNINITIALIZED_AUTOS = YES_AGGRESSIVE;
				GCC_WARN_UNUSED_FUNCTION = YES;
				GCC_WARN_UNUSED_VARIABLE = YES;
				IPHONEOS_DEPLOYMENT_TARGET = 13.5;
				MTL_ENABLE_DEBUG_INFO = INCLUDE_SOURCE;
				MTL_FAST_MATH = YES;
				ONLY_ACTIVE_ARCH = YES;
				SDKROOT = iphoneos;
				SWIFT_ACTIVE_COMPILATION_CONDITIONS = DEBUG;
				SWIFT_OPTIMIZATION_LEVEL = "-Onone";
			};
			name = Debug;
		};
		AD5706B824979E14008FA9B0 /* Release */ = {
			isa = XCBuildConfiguration;
			buildSettings = {
				ALWAYS_SEARCH_USER_PATHS = NO;
				CLANG_ANALYZER_NONNULL = YES;
				CLANG_ANALYZER_NUMBER_OBJECT_CONVERSION = YES_AGGRESSIVE;
				CLANG_CXX_LANGUAGE_STANDARD = "gnu++14";
				CLANG_CXX_LIBRARY = "libc++";
				CLANG_ENABLE_MODULES = YES;
				CLANG_ENABLE_OBJC_ARC = YES;
				CLANG_ENABLE_OBJC_WEAK = YES;
				CLANG_WARN_BLOCK_CAPTURE_AUTORELEASING = YES;
				CLANG_WARN_BOOL_CONVERSION = YES;
				CLANG_WARN_COMMA = YES;
				CLANG_WARN_CONSTANT_CONVERSION = YES;
				CLANG_WARN_DEPRECATED_OBJC_IMPLEMENTATIONS = YES;
				CLANG_WARN_DIRECT_OBJC_ISA_USAGE = YES_ERROR;
				CLANG_WARN_DOCUMENTATION_COMMENTS = YES;
				CLANG_WARN_EMPTY_BODY = YES;
				CLANG_WARN_ENUM_CONVERSION = YES;
				CLANG_WARN_INFINITE_RECURSION = YES;
				CLANG_WARN_INT_CONVERSION = YES;
				CLANG_WARN_NON_LITERAL_NULL_CONVERSION = YES;
				CLANG_WARN_OBJC_IMPLICIT_RETAIN_SELF = YES;
				CLANG_WARN_OBJC_LITERAL_CONVERSION = YES;
				CLANG_WARN_OBJC_ROOT_CLASS = YES_ERROR;
				CLANG_WARN_RANGE_LOOP_ANALYSIS = YES;
				CLANG_WARN_STRICT_PROTOTYPES = YES;
				CLANG_WARN_SUSPICIOUS_MOVE = YES;
				CLANG_WARN_UNGUARDED_AVAILABILITY = YES_AGGRESSIVE;
				CLANG_WARN_UNREACHABLE_CODE = YES;
				CLANG_WARN__DUPLICATE_METHOD_MATCH = YES;
				COPY_PHASE_STRIP = NO;
				DEBUG_INFORMATION_FORMAT = "dwarf-with-dsym";
				ENABLE_NS_ASSERTIONS = NO;
				ENABLE_STRICT_OBJC_MSGSEND = YES;
				GCC_C_LANGUAGE_STANDARD = gnu11;
				GCC_NO_COMMON_BLOCKS = YES;
				GCC_WARN_64_TO_32_BIT_CONVERSION = YES;
				GCC_WARN_ABOUT_RETURN_TYPE = YES_ERROR;
				GCC_WARN_UNDECLARED_SELECTOR = YES;
				GCC_WARN_UNINITIALIZED_AUTOS = YES_AGGRESSIVE;
				GCC_WARN_UNUSED_FUNCTION = YES;
				GCC_WARN_UNUSED_VARIABLE = YES;
				IPHONEOS_DEPLOYMENT_TARGET = 13.5;
				MTL_ENABLE_DEBUG_INFO = NO;
				MTL_FAST_MATH = YES;
				SDKROOT = iphoneos;
				SWIFT_COMPILATION_MODE = wholemodule;
				SWIFT_OPTIMIZATION_LEVEL = "-O";
				VALIDATE_PRODUCT = YES;
			};
			name = Release;
		};
		AD5706BA24979E14008FA9B0 /* Debug */ = {
			isa = XCBuildConfiguration;
			baseConfigurationReference = 2DD91AE46DE443EA4D3F6FFF /* Pods-Weather.debug.xcconfig */;
			buildSettings = {
				ASSETCATALOG_COMPILER_APPICON_NAME = AppIcon;
				CODE_SIGN_STYLE = Automatic;
				DEVELOPMENT_TEAM = 4886K9NC82;
				INFOPLIST_FILE = Weather/Info.plist;
				IPHONEOS_DEPLOYMENT_TARGET = 11.0;
				LD_RUNPATH_SEARCH_PATHS = (
					"$(inherited)",
					"@executable_path/Frameworks",
				);
				PRODUCT_BUNDLE_IDENTIFIER = by.bychok.Weather;
				PRODUCT_NAME = "$(TARGET_NAME)";
				SWIFT_VERSION = 5.0;
				TARGETED_DEVICE_FAMILY = "1,2";
			};
			name = Debug;
		};
		AD5706BB24979E14008FA9B0 /* Release */ = {
			isa = XCBuildConfiguration;
			baseConfigurationReference = 94A53EE8E1A650E91401B7B2 /* Pods-Weather.release.xcconfig */;
			buildSettings = {
				ASSETCATALOG_COMPILER_APPICON_NAME = AppIcon;
				CODE_SIGN_STYLE = Automatic;
				DEVELOPMENT_TEAM = 4886K9NC82;
				INFOPLIST_FILE = Weather/Info.plist;
				IPHONEOS_DEPLOYMENT_TARGET = 11.0;
				LD_RUNPATH_SEARCH_PATHS = (
					"$(inherited)",
					"@executable_path/Frameworks",
				);
				PRODUCT_BUNDLE_IDENTIFIER = by.bychok.Weather;
				PRODUCT_NAME = "$(TARGET_NAME)";
				SWIFT_VERSION = 5.0;
				TARGETED_DEVICE_FAMILY = "1,2";
			};
			name = Release;
		};
/* End XCBuildConfiguration section */

/* Begin XCConfigurationList section */
		AD5706A024979E10008FA9B0 /* Build configuration list for PBXProject "Weather" */ = {
			isa = XCConfigurationList;
			buildConfigurations = (
				AD5706B724979E14008FA9B0 /* Debug */,
				AD5706B824979E14008FA9B0 /* Release */,
			);
			defaultConfigurationIsVisible = 0;
			defaultConfigurationName = Release;
		};
		AD5706B924979E14008FA9B0 /* Build configuration list for PBXNativeTarget "Weather" */ = {
			isa = XCConfigurationList;
			buildConfigurations = (
				AD5706BA24979E14008FA9B0 /* Debug */,
				AD5706BB24979E14008FA9B0 /* Release */,
			);
			defaultConfigurationIsVisible = 0;
			defaultConfigurationName = Release;
		};
/* End XCConfigurationList section */
	};
	rootObject = AD57069D24979E10008FA9B0 /* Project object */;
}
